
Microsoft Visual Studio Solution File, Format Version 12.00
# Visual Studio Version 17
VisualStudioVersion = 17.11.35312.102
MinimumVisualStudioVersion = 10.0.40219.1
Project("{FAE04EC0-301F-11D3-BF4B-00C04F79EFBC}") = "WhiteLagoon.Web", "WhiteLagoon.Web\WhiteLagoon.Web.csproj", "{19B3D85B-D020-47A6-9B24-6AE649891EA6}"
EndProject
Global
	GlobalSection(SolutionConfigurationPlatforms) = preSolution
		Debug|Any CPU = Debug|Any CPU
		Release|Any CPU = Release|Any CPU
	EndGlobalSection
	GlobalSection(ProjectConfigurationPlatforms) = postSolution
		{19B3D85B-D020-47A6-9B24-6AE649891EA6}.Debug|Any CPU.ActiveCfg = Debug|Any CPU
		{19B3D85B-D020-47A6-9B24-6AE649891EA6}.Debug|Any CPU.Build.0 = Debug|Any CPU
		{19B3D85B-D020-47A6-9B24-6AE649891EA6}.Release|Any CPU.ActiveCfg = Release|Any CPU
		{19B3D85B-D020-47A6-9B24-6AE649891EA6}.Release|Any CPU.Build.0 = Release|Any CPU
	EndGlobalSection
	GlobalSection(SolutionProperties) = preSolution
		HideSolutionNode = FALSE
	EndGlobalSection
	GlobalSection(ExtensibilityGlobals) = postSolution
		SolutionGuid = {F5EB0063-C702-48EC-B236-55D062BE1626}
	EndGlobalSection
EndGlobal
